{
  "name": "cahaya-kadiri",
  "version": "0.2.0",
  "lockfileVersion": 3,
  "requires": true,
  "packages": {
    "": {
      "name": "cahaya-kadiri",
      "version": "0.2.0",
      "devDependencies": {
        "gdexporter": "^4.0.0-beta7",
        "playwright-core": "^1.63.0"
      }
    },
    "node_modules/gdcore-tools": {
      "version": "2.0.0-gd-v5.6.269-autobuild",
      "resolved": "https://registry.npmjs.org/gdcore-tools/-/gdcore-tools-2.0.0-gd-v5.6.269-autobuild.tgz",
      "integrity": "sha512-M1tmwcqZEHNmmUv5iLiZAU5loAOFmXmR2XuqnZpFTnxoklyN7y9PVx3GPnytgvnT71dG+cj2eIIVG1ZDl25E9g==",
      "dev": true,
      "license": "MIT",
      "peer": true,
      "engines": {
        "node": ">=18"
      }
    },
    "node_modules/gdexporter": {
      "version": "4.0.0-beta7",
      "resolved": "https://registry.npmjs.org/gdexporter/-/gdexporter-4.0.0-beta7.tgz",
      "integrity": "sha512-BgJW8Zoe8uujd0Y8vP9nfl6L39JJaZsgNdVNqCZ/cTWdYOIcQJ5gzHKjHRT1h1v28PEsRWJ+HUN2w1xdpYhIBw==",
      "dev": true,
      "license": "MIT",
      "dependencies": {
        "minimist": "^1.2.5"
      },
      "bin": {
        "gdexport": "bin/cli"
      },
      "engines": {
        "node": ">= 18.0.0"
      },
      "peerDependencies": {
        "gdcore-tools": "^2.0.0-0"
      }
    },
    "node_modules/minimist": {
      "version": "1.2.8",
      "resolved": "https://registry.npmjs.org/minimist/-/minimist-1.2.8.tgz",
      "integrity": "sha512-2yyAR8qBkN3YuheJanUpWC5U3bb5osDywNB8RzDVlDwDHbocAJveqqj1u8+SVD7jkWT4yvsHCpWqqWqAxb0zCA==",
      "dev": true,
      "license": "MIT",
      "funding": {
        "url": "https://github.com/sponsors/ljharb"
      }
    },
    "node_modules/playwright-core": {
      "version": "1.63.0",
      "resolved": "https://registry.npmjs.org/playwright-core/-/playwright-core-1.63.0.tgz",
      "integrity": "sha512-rYCsBF/M5HjUch52bbtVONEFjv6Xu8sm8h72dNlR5bzIE1fvC/bxgspzkjSfU+MweEMmPM8KJebG6nnyxo5mCg==",
      "dev": true,
      "license": "Apache-2.0",
      "bin": {
        "playwright-core": "cli.js"
      },
      "engines": {
        "node": ">=20"
      }
    }
  }
}
